
Microsoft Visual Studio Solution File, Format Version 12.00
# Visual Studio 15
VisualStudioVersion = 15.0.27703.2000
MinimumVisualStudioVersion = 10.0.40219.1
Project("{FAE04EC0-301F-11D3-BF4B-00C04F79EFBC}") = "dotnet-react-app", "dotnet-react-app\dotnet-react-app.csproj", "{595AB3EA-42BC-4553-A932-F5778E13ADAB}"
EndProject
Global
	GlobalSection(SolutionConfigurationPlatforms) = preSolution
		Debug|Any CPU = Debug|Any CPU
		Release|Any CPU = Release|Any CPU
	EndGlobalSection
	GlobalSection(ProjectConfigurationPlatforms) = postSolution
		{595AB3EA-42BC-4553-A932-F5778E13ADAB}.Debug|Any CPU.ActiveCfg = Debug|Any CPU
		{595AB3EA-42BC-4553-A932-F5778E13ADAB}.Debug|Any CPU.Build.0 = Debug|Any CPU
		{595AB3EA-42BC-4553-A932-F5778E13ADAB}.Release|Any CPU.ActiveCfg = Release|Any CPU
		{595AB3EA-42BC-4553-A932-F5778E13ADAB}.Release|Any CPU.Build.0 = Release|Any CPU
	EndGlobalSection
	GlobalSection(SolutionProperties) = preSolution
		HideSolutionNode = FALSE
	EndGlobalSection
	GlobalSection(ExtensibilityGlobals) = postSolution
		SolutionGuid = {27F2A3CB-C760-475D-B128-658A990D1F67}
	EndGlobalSection
EndGlobal
