
Microsoft Visual Studio Solution File, Format Version 12.00
# Visual Studio 15
VisualStudioVersion = 15.0.27703.2000
MinimumVisualStudioVersion = 10.0.40219.1
Project("{FAE04EC0-301F-11D3-BF4B-00C04F79EFBC}") = "dotnet-react-app", "dotnet-react-app\dotnet-react-app.csproj", "{08DFECAC-E6AC-4B4D-BD52-45905D169850}"
EndProject
Global
	GlobalSection(SolutionConfigurationPlatforms) = preSolution
		Debug|Any CPU = Debug|Any CPU
		Release|Any CPU = Release|Any CPU
	EndGlobalSection
	GlobalSection(ProjectConfigurationPlatforms) = postSolution
		{08DFECAC-E6AC-4B4D-BD52-45905D169850}.Debug|Any CPU.ActiveCfg = Debug|Any CPU
		{08DFECAC-E6AC-4B4D-BD52-45905D169850}.Debug|Any CPU.Build.0 = Debug|Any CPU
		{08DFECAC-E6AC-4B4D-BD52-45905D169850}.Release|Any CPU.ActiveCfg = Release|Any CPU
		{08DFECAC-E6AC-4B4D-BD52-45905D169850}.Release|Any CPU.Build.0 = Release|Any CPU
	EndGlobalSection
	GlobalSection(SolutionProperties) = preSolution
		HideSolutionNode = FALSE
	EndGlobalSection
	GlobalSection(ExtensibilityGlobals) = postSolution
		SolutionGuid = {1FA30087-EDBF-4FD1-AFD3-70B2E8B6CFC1}
	EndGlobalSection
EndGlobal
